{
  "name": "common",
  "version": "1.0.0",
  "lockfileVersion": 2,
  "requires": true,
  "packages": {
    "": {
      "name": "common",
      "version": "1.0.0",
      "devDependencies": {
        "@types/ws": "^8.2.3"
      }
    },
    "node_modules/@types/node": {
      "version": "17.0.18",
      "resolved": "https://registry.npmjs.org/@types/node/-/node-17.0.18.tgz",
      "integrity": "sha512-eKj4f/BsN/qcculZiRSujogjvp5O/k4lOW5m35NopjZM/QwLOR075a8pJW5hD+Rtdm2DaCVPENS6KtSQnUD6BA==",
      "dev": true
    },
    "node_modules/@types/ws": {
      "version": "8.2.3",
      "resolved": "https://registry.npmjs.org/@types/ws/-/ws-8.2.3.tgz",
      "integrity": "sha512-ahRJZquUYCdOZf/rCsWg88S0/+cb9wazUBHv6HZEe3XdYaBe2zr/slM8J28X07Hn88Pnm4ezo7N8/ofnOgrPVQ==",
      "dev": true,
      "dependencies": {
        "@types/node": "*"
      }
    }
  },
  "dependencies": {
    "@types/node": {
      "version": "17.0.18",
      "resolved": "https://registry.npmjs.org/@types/node/-/node-17.0.18.tgz",
      "integrity": "sha512-eKj4f/BsN/qcculZiRSujogjvp5O/k4lOW5m35NopjZM/QwLOR075a8pJW5hD+Rtdm2DaCVPENS6KtSQnUD6BA==",
      "dev": true
    },
    "@types/ws": {
      "version": "8.2.3",
      "resolved": "https://registry.npmjs.org/@types/ws/-/ws-8.2.3.tgz",
      "integrity": "sha512-ahRJZquUYCdOZf/rCsWg88S0/+cb9wazUBHv6HZEe3XdYaBe2zr/slM8J28X07Hn88Pnm4ezo7N8/ofnOgrPVQ==",
      "dev": true,
      "requires": {
        "@types/node": "*"
      }
    }
  }
}
